<?xml version="1.0" encoding="utf-8"?>
<Project ToolsVersion="4.0" xmlns="http://schemas.microsoft.com/developer/msbuild/2003">
  <ItemGroup>
    <Filter Include="Source Files">
      <UniqueIdentifier>{4FC737F1-C7A5-4376-A066-2A32D752A2FF}</UniqueIdentifier>
      <Extensions>cpp;c;cc;cxx;def;odl;idl;hpj;bat;asm;asmx</Extensions>
    </Filter>
    <Filter Include="Header Files">
      <UniqueIdentifier>{93995380-89BD-4b04-88EB-625FBE52EBFB}</UniqueIdentifier>
      <Extensions>h;hh;hpp;hxx;hm;inl;inc;xsd</Extensions>
    </Filter>
    <Filter Include="Resource Files">
      <UniqueIdentifier>{67DA6AB6-F800-4c08-8B7A-83BB121AAD01}</UniqueIdentifier>
      <Extensions>rc;ico;cur;bmp;dlg;rc2;rct;bin;rgs;gif;jpg;jpeg;jpe;resx;tiff;tif;png;wav;mfcribbon-ms</Extensions>
    </Filter>
    <Filter Include="Header Files\Utils">
      <UniqueIdentifier>{c20f9fb0-3f0e-41bd-8deb-8aea1b3718d1}</UniqueIdentifier>
    </Filter>
    <Filter Include="Source Files\Utils">
      <UniqueIdentifier>{f4d799bb-290e-41a2-902f-38f1b5599d48}</UniqueIdentifier>
    </Filter>
    <Filter Include="Header Files\Objects">
      <UniqueIdentifier>{fae02067-188c-4b9d-832a-453aaa0bb9ce}</UniqueIdentifier>
    </Filter>
    <Filter Include="Source Files\Objects">
      <UniqueIdentifier>{ca4bd7d1-6d4d-4df5-baa8-606f78291252}</UniqueIdentifier>
    </Filter>
    <Filter Include="Header Files\Force Generators">
      <UniqueIdentifier>{b0ae3bed-da68-4579-a4b5-69a0f314143d}</UniqueIdentifier>
    </Filter>
    <Filter Include="Source Files\Force Generators">
      <UniqueIdentifier>{06afaf1e-d34d-4388-bbbc-ea18f6481697}</UniqueIdentifier>
    </Filter>
    <Filter Include="Header Files\Systems">
      <UniqueIdentifier>{e67dacc7-cf05-4b55-b0a8-87156ccf4e21}</UniqueIdentifier>
    </Filter>
    <Filter Include="Source Files\Systems">
      <UniqueIdentifier>{37063501-23a1-43fd-8dd0-d10e73308569}</UniqueIdentifier>
    </Filter>
    <Filter Include="Source Files\Shapes">
      <UniqueIdentifier>{c141f904-9b8b-4198-bf4f-6771c818bc87}</UniqueIdentifier>
    </Filter>
    <Filter Include="Header Files\Shapes">
      <UniqueIdentifier>{60787ffa-3e97-4e7a-946c-04e0cd71c762}</UniqueIdentifier>
    </Filter>
    <Filter Include="Header Files\Collision">
      <UniqueIdentifier>{1372833a-c259-4664-90c1-f528807dd7fa}</UniqueIdentifier>
    </Filter>
    <Filter Include="Source Files\Collision">
      <UniqueIdentifier>{7c38c080-eaa2-47a4-ab80-d11cbf43e40f}</UniqueIdentifier>
    </Filter>
    <Filter Include="Header Files\Game">
      <UniqueIdentifier>{5bec4684-f521-4a68-bd28-2be37b3d1966}</UniqueIdentifier>
    </Filter>
    <Filter Include="Source Files\Game">
      <UniqueIdentifier>{06a182d2-b398-4dce-9d84-25c5624ea81b}</UniqueIdentifier>
    </Filter>
    <Filter Include="Header Files\Rigidbodies">
      <UniqueIdentifier>{553faf55-dc4b-4435-ad94-cf8da38a3099}</UniqueIdentifier>
    </Filter>
    <Filter Include="Source Files\RigidBodies">
      <UniqueIdentifier>{1f1eae77-2f45-4b9e-b544-1525ff212ebf}</UniqueIdentifier>
    </Filter>
  </ItemGroup>
  <ItemGroup>
    <ClCompile Include="Main.cpp">
      <Filter>Source Files</Filter>
    </ClCompile>
    <ClCompile Include="Matrix.cpp">
      <Filter>Source Files\Utils</Filter>
    </ClCompile>
    <ClCompile Include="Vector3D.cpp">
      <Filter>Source Files\Utils</Filter>
    </ClCompile>
    <ClCompile Include="PhysicsObject.cpp">
      <Filter>Source Files\Objects</Filter>
    </ClCompile>
    <ClCompile Include="Particle.cpp">
      <Filter>Source Files\Objects</Filter>
    </ClCompile>
    <ClCompile Include="ForceGenerator.cpp">
      <Filter>Source Files\Force Generators</Filter>
    </ClCompile>
    <ClCompile Include="ObjectForceGenerator.cpp">
      <Filter>Source Files\Force Generators</Filter>
    </ClCompile>
    <ClCompile Include="PhysicsObjectSystem.cpp">
      <Filter>Source Files\Systems</Filter>
    </ClCompile>
    <ClCompile Include="PhysicsObjectForceRegistry.cpp">
      <Filter>Source Files\Systems</Filter>
    </ClCompile>
    <ClCompile Include="GravityGenerator.cpp">
      <Filter>Source Files\Force Generators</Filter>
    </ClCompile>
    <ClCompile Include="Generator.cpp">
      <Filter>Source Files\Force Generators</Filter>
    </ClCompile>
    <ClCompile Include="CableContactGenerator.cpp">
      <Filter>Source Files\Force Generators</Filter>
    </ClCompile>
    <ClCompile Include="EarthGravityGenerator.cpp">
      <Filter>Source Files\Force Generators</Filter>
    </ClCompile>
    <ClCompile Include="RodContactGenerator.cpp">
      <Filter>Source Files\Force Generators</Filter>
    </ClCompile>
    <ClCompile Include="ContactGenerator.cpp">
      <Filter>Source Files\Force Generators</Filter>
    </ClCompile>
    <ClCompile Include="SpringForceGenerator.cpp">
      <Filter>Source Files\Force Generators</Filter>
    </ClCompile>
    <ClCompile Include="BungeeForceGenerator.cpp">
      <Filter>Source Files\Force Generators</Filter>
    </ClCompile>
    <ClCompile Include="CollisionSystem.cpp">
      <Filter>Source Files\Systems</Filter>
    </ClCompile>
    <ClCompile Include="Shape.cpp">
      <Filter>Source Files\Shapes</Filter>
    </ClCompile>
    <ClCompile Include="Quaternion.cpp">
      <Filter>Source Files\Utils</Filter>
    </ClCompile>
    <ClCompile Include="RenderObject.cpp">
      <Filter>Source Files\Objects</Filter>
    </ClCompile>
    <ClCompile Include="CollisionData.cpp">
      <Filter>Source Files\Collision</Filter>
    </ClCompile>
    <ClCompile Include="CollisionDetector.cpp">
      <Filter>Source Files\Collision</Filter>
    </ClCompile>
    <ClCompile Include="CollisionPlane.cpp">
      <Filter>Source Files\Collision</Filter>
    </ClCompile>
    <ClCompile Include="CollisionPrimitive.cpp">
      <Filter>Source Files\Collision</Filter>
    </ClCompile>
    <ClCompile Include="CollisionSphere.cpp">
      <Filter>Source Files\Collision</Filter>
    </ClCompile>
    <ClCompile Include="Camera.cpp">
      <Filter>Source Files\Game</Filter>
    </ClCompile>
    <ClCompile Include="Contact.cpp">
      <Filter>Source Files\Collision</Filter>
    </ClCompile>
    <ClCompile Include="Cube.cpp">
      <Filter>Source Files\Shapes</Filter>
    </ClCompile>
    <ClCompile Include="EditorState.cpp">
      <Filter>Source Files\Game</Filter>
    </ClCompile>
    <ClCompile Include="EnemyAI.cpp">
      <Filter>Source Files\Objects</Filter>
    </ClCompile>
    <ClCompile Include="Firework.cpp">
      <Filter>Source Files\Game</Filter>
    </ClCompile>
    <ClCompile Include="GameApp.cpp">
      <Filter>Source Files\Game</Filter>
    </ClCompile>
    <ClCompile Include="GlutTime.cpp">
      <Filter>Source Files\Utils</Filter>
    </ClCompile>
    <ClCompile Include="FireworkLauncher.cpp">
      <Filter>Source Files\Game</Filter>
    </ClCompile>
    <ClCompile Include="Ground.cpp">
      <Filter>Source Files\Game</Filter>
    </ClCompile>
    <ClCompile Include="GroundContactGenerator.cpp">
      <Filter>Source Files\Force Generators</Filter>
    </ClCompile>
    <ClCompile Include="ImageHandler.cpp">
      <Filter>Source Files\Utils</Filter>
    </ClCompile>
    <ClCompile Include="Level.cpp">
      <Filter>Source Files\Game</Filter>
    </ClCompile>
    <ClCompile Include="Player.cpp">
      <Filter>Source Files\Game</Filter>
    </ClCompile>
    <ClCompile Include="Pyramid.cpp">
      <Filter>Source Files\Shapes</Filter>
    </ClCompile>
    <ClCompile Include="RigidBodySpringForceGenerator.cpp">
      <Filter>Source Files\Force Generators</Filter>
    </ClCompile>
    <ClCompile Include="RigidContact.cpp">
      <Filter>Source Files\Collision</Filter>
    </ClCompile>
    <ClCompile Include="Skybox.cpp">
      <Filter>Source Files\Game</Filter>
    </ClCompile>
    <ClCompile Include="Tetrahedron.cpp">
      <Filter>Source Files\Shapes</Filter>
    </ClCompile>
    <ClCompile Include="RigidBody.cpp">
      <Filter>Source Files\RigidBodies</Filter>
    </ClCompile>
    <ClCompile Include="Box.cpp">
      <Filter>Source Files\Collision</Filter>
    </ClCompile>
    <ClCompile Include="IntersectionTest.cpp">
      <Filter>Source Files\Collision</Filter>
    </ClCompile>
    <ClCompile Include="RigidSphere.cpp">
      <Filter>Source Files</Filter>
    </ClCompile>
    <ClCompile Include="RigidRender.cpp">
      <Filter>Source Files</Filter>
    </ClCompile>
    <ClCompile Include="RigidContactGenerator.cpp">
      <Filter>Source Files</Filter>
    </ClCompile>
    <ClCompile Include="RigidGroundContact.cpp">
      <Filter>Source Files</Filter>
    </ClCompile>
  </ItemGroup>
  <ItemGroup>
    <None Include="packages.config" />
  </ItemGroup>
  <ItemGroup>
    <ClInclude Include="Matrix.h">
      <Filter>Header Files\Utils</Filter>
    </ClInclude>
    <ClInclude Include="Vector3D.h">
      <Filter>Header Files\Utils</Filter>
    </ClInclude>
    <ClInclude Include="PhysicsObject.h">
      <Filter>Header Files\Objects</Filter>
    </ClInclude>
    <ClInclude Include="Particle.h">
      <Filter>Header Files\Objects</Filter>
    </ClInclude>
    <ClInclude Include="ObjectForceGenerator.h">
      <Filter>Header Files\Force Generators</Filter>
    </ClInclude>
    <ClInclude Include="ForceGenerator.h">
      <Filter>Header Files\Force Generators</Filter>
    </ClInclude>
    <ClInclude Include="PhysicsObjectSystem.h">
      <Filter>Header Files\Systems</Filter>
    </ClInclude>
    <ClInclude Include="PhysicsObjectForceRegistry.h">
      <Filter>Header Files\Systems</Filter>
    </ClInclude>
    <ClInclude Include="Generator.h">
      <Filter>Header Files\Force Generators</Filter>
    </ClInclude>
    <ClInclude Include="GravityGenerator.h">
      <Filter>Header Files\Force Generators</Filter>
    </ClInclude>
    <ClInclude Include="RodContactGenerator.h">
      <Filter>Header Files\Force Generators</Filter>
    </ClInclude>
    <ClInclude Include="GroundContactGenerator.h">
      <Filter>Header Files\Force Generators</Filter>
    </ClInclude>
    <ClInclude Include="CableContactGenerator.h">
      <Filter>Header Files\Force Generators</Filter>
    </ClInclude>
    <ClInclude Include="ContactGenerator.h">
      <Filter>Header Files\Force Generators</Filter>
    </ClInclude>
    <ClInclude Include="SpringForceGenerator.h">
      <Filter>Header Files\Force Generators</Filter>
    </ClInclude>
    <ClInclude Include="BungeeForceGenerator.h">
      <Filter>Header Files\Force Generators</Filter>
    </ClInclude>
    <ClInclude Include="RenderObject.h">
      <Filter>Header Files\Objects</Filter>
    </ClInclude>
    <ClInclude Include="Shape.h">
      <Filter>Header Files\Shapes</Filter>
    </ClInclude>
    <ClInclude Include="Pyramid.h">
      <Filter>Header Files\Shapes</Filter>
    </ClInclude>
    <ClInclude Include="Contact.h">
      <Filter>Header Files\Utils</Filter>
    </ClInclude>
    <ClInclude Include="Cube.h">
      <Filter>Header Files\Shapes</Filter>
    </ClInclude>
    <ClInclude Include="Tetrahedron.h">
      <Filter>Header Files\Shapes</Filter>
    </ClInclude>
    <ClInclude Include="Quaternion.h">
      <Filter>Header Files\Utils</Filter>
    </ClInclude>
    <ClInclude Include="CollisionData.h">
      <Filter>Header Files\Collision</Filter>
    </ClInclude>
    <ClInclude Include="CollisionDetector.h">
      <Filter>Header Files\Collision</Filter>
    </ClInclude>
    <ClInclude Include="CollisionPlane.h">
      <Filter>Header Files\Collision</Filter>
    </ClInclude>
    <ClInclude Include="CollisionPrimitive.h">
      <Filter>Header Files\Collision</Filter>
    </ClInclude>
    <ClInclude Include="CollisionSphere.h">
      <Filter>Header Files\Collision</Filter>
    </ClInclude>
    <ClInclude Include="GlutTime.h">
      <Filter>Header Files\Utils</Filter>
    </ClInclude>
    <ClInclude Include="ImageHandler.h">
      <Filter>Header Files\Utils</Filter>
    </ClInclude>
    <ClInclude Include="EarthGravityGenerator.h">
      <Filter>Header Files\Force Generators</Filter>
    </ClInclude>
    <ClInclude Include="GameApp.h">
      <Filter>Header Files\Game</Filter>
    </ClInclude>
    <ClInclude Include="Camera.h">
      <Filter>Header Files\Game</Filter>
    </ClInclude>
    <ClInclude Include="EditorState.h">
      <Filter>Header Files\Game</Filter>
    </ClInclude>
    <ClInclude Include="EnemyAI.h">
      <Filter>Header Files\Game</Filter>
    </ClInclude>
    <ClInclude Include="Firework.h">
      <Filter>Header Files\Game</Filter>
    </ClInclude>
    <ClInclude Include="FireworkLauncher.h">
      <Filter>Header Files\Game</Filter>
    </ClInclude>
    <ClInclude Include="Ground.h">
      <Filter>Header Files\Game</Filter>
    </ClInclude>
    <ClInclude Include="Level.h">
      <Filter>Header Files\Game</Filter>
    </ClInclude>
    <ClInclude Include="Player.h">
      <Filter>Header Files\Game</Filter>
    </ClInclude>
    <ClInclude Include="Skybox.h">
      <Filter>Header Files\Game</Filter>
    </ClInclude>
    <ClInclude Include="RigidContact.h">
      <Filter>Header Files\Collision</Filter>
    </ClInclude>
    <ClInclude Include="RigidBodySpringForceGenerator.h">
      <Filter>Header Files\Force Generators</Filter>
    </ClInclude>
    <ClInclude Include="CollisionSystem.h">
      <Filter>Header Files\Systems</Filter>
    </ClInclude>
    <ClInclude Include="RigidBody.h">
      <Filter>Header Files\Rigidbodies</Filter>
    </ClInclude>
    <ClInclude Include="Box.h">
      <Filter>Header Files\Collision</Filter>
    </ClInclude>
    <ClInclude Include="IntersectionTest.h">
      <Filter>Header Files\Collision</Filter>
    </ClInclude>
    <ClInclude Include="RigidSphere.h">
      <Filter>Header Files</Filter>
    </ClInclude>
    <ClInclude Include="RigidRender.h">
      <Filter>Header Files</Filter>
    </ClInclude>
    <ClInclude Include="RigidContactGenerator.h">
      <Filter>Header Files</Filter>
    </ClInclude>
    <ClInclude Include="RigidGroundContact.h">
      <Filter>Header Files</Filter>
    </ClInclude>
  </ItemGroup>
</Project>